{
  "nodes": {
    "flake-compat": {
      "flake": false,
      "locked": {
        "lastModified": 1747046372,
        "narHash": "sha256-CIVLLkVgvHYbgI2UpXvIIBJ12HWgX+fjA8Xf8PUmqCY=",
        "owner": "edolstra",
        "repo": "flake-compat",
        "rev": "9100a0f413b0c601e0533d1d94ffd501ce2e7885",
        "type": "github"
      },
      "original": {
        "owner": "edolstra",
        "repo": "flake-compat",
        "type": "github"
      }
    },
    "flake-compat_2": {
      "locked": {
        "lastModified": 1733328505,
        "narHash": "sha256-NeCCThCEP3eCl2l/+27kNNK7QrwZB1IJCrXfrbv5oqU=",
        "rev": "ff81ac966bb2cae68946d5ed5fc4994f96d0ffec",
        "revCount": 69,
        "type": "tarball",
        "url": "https://api.flakehub.com/f/pinned/edolstra/flake-compat/1.1.0/01948eb7-9cba-704f-bbf3-3fa956735b52/source.tar.gz?rev=ff81ac966bb2cae68946d5ed5fc4994f96d0ffec&revCount=69"
      },
      "original": {
        "type": "tarball",
        "url": "https://flakehub.com/f/edolstra/flake-compat/1.tar.gz"
      }
    },
    "flake-parts": {
      "inputs": {
        "nixpkgs-lib": "nixpkgs-lib"
      },
      "locked": {
        "lastModified": 1754487366,
        "narHash": "sha256-pHYj8gUBapuUzKV/kN/tR3Zvqc7o6gdFB9XKXIp1SQ8=",
        "owner": "hercules-ci",
        "repo": "flake-parts",
        "rev": "af66ad14b28a127c5c0f3bbb298218fc63528a18",
        "type": "github"
      },
      "original": {
        "owner": "hercules-ci",
        "repo": "flake-parts",
        "type": "github"
      }
    },
    "flake-parts_2": {
      "inputs": {
        "nixpkgs-lib": "nixpkgs-lib_2"
      },
      "locked": {
        "lastModified": 1754091436,
        "narHash": "sha256-XKqDMN1/Qj1DKivQvscI4vmHfDfvYR2pfuFOJiCeewM=",
        "owner": "hercules-ci",
        "repo": "flake-parts",
        "rev": "67df8c627c2c39c41dbec76a1f201929929ab0bd",
        "type": "github"
      },
      "original": {
        "owner": "hercules-ci",
        "repo": "flake-parts",
        "type": "github"
      }
    },
    "flake-parts_3": {
      "inputs": {
        "nixpkgs-lib": [
          "nur",
          "nixpkgs"
        ]
      },
      "locked": {
        "lastModified": 1733312601,
        "narHash": "sha256-4pDvzqnegAfRkPwO3wmwBhVi/Sye1mzps0zHWYnP88c=",
        "owner": "hercules-ci",
        "repo": "flake-parts",
        "rev": "205b12d8b7cd4802fbcb8e8ef6a0f1408781a4f9",
        "type": "github"
      },
      "original": {
        "owner": "hercules-ci",
        "repo": "flake-parts",
        "type": "github"
      }
    },
    "flake-utils": {
      "inputs": {
        "systems": "systems"
      },
      "locked": {
        "lastModified": 1731533236,
        "narHash": "sha256-l0KFg5HjrsfsO/JpG+r7fRrqm12kzFHyUHqHCVpMMbI=",
        "owner": "numtide",
        "repo": "flake-utils",
        "rev": "11707dc2f618dd54ca8739b309ec4fc024de578b",
        "type": "github"
      },
      "original": {
        "owner": "numtide",
        "repo": "flake-utils",
        "type": "github"
      }
    },
    "ghostty": {
      "inputs": {
        "flake-compat": "flake-compat",
        "flake-utils": "flake-utils",
        "nixpkgs": "nixpkgs",
        "zig": "zig",
        "zon2nix": "zon2nix"
      },
      "locked": {
        "lastModified": 1756245402,
        "narHash": "sha256-sONjOK3kpg0+XPzEHH07d0BWCBNHRBDrSbO4khcvu1U=",
        "owner": "ghostty-org",
        "repo": "ghostty",
        "rev": "c1ab41afac8d8522ac25c3c1ad1de651f0c4d4d5",
        "type": "github"
      },
      "original": {
        "owner": "ghostty-org",
        "repo": "ghostty",
        "type": "github"
      }
    },
    "home-manager": {
      "inputs": {
        "nixpkgs": [
          "nixpkgs"
        ]
      },
      "locked": {
        "lastModified": 1756261190,
        "narHash": "sha256-eiy0klFK5EVJLNilutR7grsZN/7Itj9DyD75eyOf83k=",
        "owner": "nix-community",
        "repo": "home-manager",
        "rev": "77f348da3176dc68b20a73dab94852a417daf361",
        "type": "github"
      },
      "original": {
        "owner": "nix-community",
        "repo": "home-manager",
        "type": "github"
      }
    },
    "home-manager_2": {
      "inputs": {
        "nixpkgs": [
          "zen-browser",
          "nixpkgs"
        ]
      },
      "locked": {
        "lastModified": 1752603129,
        "narHash": "sha256-S+wmHhwNQ5Ru689L2Gu8n1OD6s9eU9n9mD827JNR+kw=",
        "owner": "nix-community",
        "repo": "home-manager",
        "rev": "e8c19a3cec2814c754f031ab3ae7316b64da085b",
        "type": "github"
      },
      "original": {
        "owner": "nix-community",
        "repo": "home-manager",
        "type": "github"
      }
    },
    "nix-flatpak": {
      "locked": {
        "lastModified": 1754777568,
        "narHash": "sha256-0bBqT+3XncgF8F03RFAamw9vdf0VmaDoIJLTGkjfQZs=",
        "owner": "gmodena",
        "repo": "nix-flatpak",
        "rev": "62f636b87ef6050760a8cb325cadb90674d1e23e",
        "type": "github"
      },
      "original": {
        "owner": "gmodena",
        "repo": "nix-flatpak",
        "type": "github"
      }
    },
    "nix-gaming": {
      "inputs": {
        "flake-parts": "flake-parts",
        "nixpkgs": "nixpkgs_3"
      },
      "locked": {
        "lastModified": 1756173313,
        "narHash": "sha256-gAdXP1w5ADA9ekT/gVCQMrGxLDVPKjfiMaoUT7xx4gY=",
        "owner": "fufexan",
        "repo": "nix-gaming",
        "rev": "00beb5274d213427a78794f719ed9e7505b091ec",
        "type": "github"
      },
      "original": {
        "owner": "fufexan",
        "repo": "nix-gaming",
        "type": "github"
      }
    },
    "nixcord": {
      "inputs": {
        "flake-compat": "flake-compat_2",
        "flake-parts": "flake-parts_2",
        "nixpkgs": "nixpkgs_4"
      },
      "locked": {
        "lastModified": 1756257722,
        "narHash": "sha256-VqQpU4H6gTSFvhz1CsvmrdYH4JOefSKuxp9xVDUF8gc=",
        "owner": "kaylorben",
        "repo": "nixcord",
        "rev": "7fedaf5f9c2506b2b810c92732ba8103e451944c",
        "type": "github"
      },
      "original": {
        "owner": "kaylorben",
        "repo": "nixcord",
        "type": "github"
      }
    },
    "nixpkgs": {
      "locked": {
        "lastModified": 1748189127,
        "narHash": "sha256-zRDR+EbbeObu4V2X5QCd2Bk5eltfDlCr5yvhBwUT6pY=",
        "rev": "7c43f080a7f28b2774f3b3f43234ca11661bf334",
        "type": "tarball",
        "url": "https://releases.nixos.org/nixos/25.05/nixos-25.05.802491.7c43f080a7f2/nixexprs.tar.xz"
      },
      "original": {
        "type": "tarball",
        "url": "https://channels.nixos.org/nixos-25.05/nixexprs.tar.xz"
      }
    },
    "nixpkgs-lib": {
      "locked": {
        "lastModified": 1753579242,
        "narHash": "sha256-zvaMGVn14/Zz8hnp4VWT9xVnhc8vuL3TStRqwk22biA=",
        "owner": "nix-community",
        "repo": "nixpkgs.lib",
        "rev": "0f36c44e01a6129be94e3ade315a5883f0228a6e",
        "type": "github"
      },
      "original": {
        "owner": "nix-community",
        "repo": "nixpkgs.lib",
        "type": "github"
      }
    },
    "nixpkgs-lib_2": {
      "locked": {
        "lastModified": 1753579242,
        "narHash": "sha256-zvaMGVn14/Zz8hnp4VWT9xVnhc8vuL3TStRqwk22biA=",
        "owner": "nix-community",
        "repo": "nixpkgs.lib",
        "rev": "0f36c44e01a6129be94e3ade315a5883f0228a6e",
        "type": "github"
      },
      "original": {
        "owner": "nix-community",
        "repo": "nixpkgs.lib",
        "type": "github"
      }
    },
    "nixpkgs_2": {
      "locked": {
        "lastModified": 1755972213,
        "narHash": "sha256-VYK7aDAv8H1enXn1ECRHmGbeY6RqLnNwUJkOwloIsko=",
        "rev": "73e96df7cff5783f45e21342a75a1540c4eddce4",
        "type": "tarball",
        "url": "https://releases.nixos.org/nixos/unstable-small/nixos-25.11pre850642.73e96df7cff5/nixexprs.tar.xz"
      },
      "original": {
        "type": "tarball",
        "url": "https://channels.nixos.org/nixos-unstable-small/nixexprs.tar.xz"
      }
    },
    "nixpkgs_3": {
      "locked": {
        "lastModified": 1755829505,
        "narHash": "sha256-4/Jd+LkQ2ssw8luQVkqVs9spDBVE6h/u/hC/tzngsPo=",
        "owner": "NixOS",
        "repo": "nixpkgs",
        "rev": "f937f8ecd1c70efd7e9f90ba13dfb400cf559de4",
        "type": "github"
      },
      "original": {
        "owner": "NixOS",
        "ref": "nixpkgs-unstable",
        "repo": "nixpkgs",
        "type": "github"
      }
    },
    "nixpkgs_4": {
      "locked": {
        "lastModified": 1754028485,
        "narHash": "sha256-IiiXB3BDTi6UqzAZcf2S797hWEPCRZOwyNThJIYhUfk=",
        "owner": "NixOS",
        "repo": "nixpkgs",
        "rev": "59e69648d345d6e8fef86158c555730fa12af9de",
        "type": "github"
      },
      "original": {
        "owner": "NixOS",
        "ref": "nixos-25.05",
        "repo": "nixpkgs",
        "type": "github"
      }
    },
    "nixpkgs_5": {
      "locked": {
        "lastModified": 1756125398,
        "narHash": "sha256-XexyKZpf46cMiO5Vbj+dWSAXOnr285GHsMch8FBoHbc=",
        "owner": "NixOS",
        "repo": "nixpkgs",
        "rev": "3b9f00d7a7bf68acd4c4abb9d43695afb04e03a5",
        "type": "github"
      },
      "original": {
        "owner": "NixOS",
        "ref": "nixos-unstable",
        "repo": "nixpkgs",
        "type": "github"
      }
    },
    "nixpkgs_6": {
      "locked": {
        "lastModified": 1756125398,
        "narHash": "sha256-XexyKZpf46cMiO5Vbj+dWSAXOnr285GHsMch8FBoHbc=",
        "owner": "nixos",
        "repo": "nixpkgs",
        "rev": "3b9f00d7a7bf68acd4c4abb9d43695afb04e03a5",
        "type": "github"
      },
      "original": {
        "owner": "nixos",
        "ref": "nixos-unstable",
        "repo": "nixpkgs",
        "type": "github"
      }
    },
    "nixpkgs_7": {
      "locked": {
        "lastModified": 1755615617,
        "narHash": "sha256-HMwfAJBdrr8wXAkbGhtcby1zGFvs+StOp19xNsbqdOg=",
        "owner": "nixos",
        "repo": "nixpkgs",
        "rev": "20075955deac2583bb12f07151c2df830ef346b4",
        "type": "github"
      },
      "original": {
        "owner": "nixos",
        "ref": "nixos-unstable",
        "repo": "nixpkgs",
        "type": "github"
      }
    },
    "nur": {
      "inputs": {
        "flake-parts": "flake-parts_3",
        "nixpkgs": "nixpkgs_6"
      },
      "locked": {
        "lastModified": 1756260942,
        "narHash": "sha256-ME5osVK1ncSB7Rs3xzqwr7SZCgKxTRIksDWepJlbbOo=",
        "owner": "nix-community",
        "repo": "NUR",
        "rev": "11f099c5fd0cddb14352dfee7d56b54f3c6c6f91",
        "type": "github"
      },
      "original": {
        "owner": "nix-community",
        "repo": "NUR",
        "type": "github"
      }
    },
    "plasma-manager": {
      "inputs": {
        "home-manager": [
          "home-manager"
        ],
        "nixpkgs": [
          "nixpkgs"
        ]
      },
      "locked": {
        "lastModified": 1754501628,
        "narHash": "sha256-FExJ54tVB5iu7Dh2tLcyCSWpaV+lmUzzWKZUkemwXvo=",
        "owner": "nix-community",
        "repo": "plasma-manager",
        "rev": "cca090f8115c4172b9aef6c5299ae784bdd5e133",
        "type": "github"
      },
      "original": {
        "owner": "nix-community",
        "repo": "plasma-manager",
        "type": "github"
      }
    },
    "root": {
      "inputs": {
        "ghostty": "ghostty",
        "home-manager": "home-manager",
        "nix-flatpak": "nix-flatpak",
        "nix-gaming": "nix-gaming",
        "nixcord": "nixcord",
        "nixpkgs": "nixpkgs_5",
        "nur": "nur",
        "plasma-manager": "plasma-manager",
        "zen-browser": "zen-browser"
      }
    },
    "systems": {
      "locked": {
        "lastModified": 1681028828,
        "narHash": "sha256-Vy1rq5AaRuLzOxct8nz4T6wlgyUR7zLU309k9mBC768=",
        "owner": "nix-systems",
        "repo": "default",
        "rev": "da67096a3b9bf56a91d16901293e51ba5b49a27e",
        "type": "github"
      },
      "original": {
        "owner": "nix-systems",
        "repo": "default",
        "type": "github"
      }
    },
    "zen-browser": {
      "inputs": {
        "home-manager": "home-manager_2",
        "nixpkgs": "nixpkgs_7"
      },
      "locked": {
        "lastModified": 1756235741,
        "narHash": "sha256-7S8s+/365OgcqiSFfPKFJOrn+qq8grDzkOZkhmY4qYQ=",
        "owner": "0xc000022070",
        "repo": "zen-browser-flake",
        "rev": "c021315cb6c6320292fd4822e93b407f75689a6b",
        "type": "github"
      },
      "original": {
        "owner": "0xc000022070",
        "repo": "zen-browser-flake",
        "type": "github"
      }
    },
    "zig": {
      "inputs": {
        "flake-compat": [
          "ghostty",
          "flake-compat"
        ],
        "flake-utils": [
          "ghostty",
          "flake-utils"
        ],
        "nixpkgs": [
          "ghostty",
          "nixpkgs"
        ]
      },
      "locked": {
        "lastModified": 1748261582,
        "narHash": "sha256-3i0IL3s18hdDlbsf0/E+5kyPRkZwGPbSFngq5eToiAA=",
        "owner": "mitchellh",
        "repo": "zig-overlay",
        "rev": "aafb1b093fb838f7a02613b719e85ec912914221",
        "type": "github"
      },
      "original": {
        "owner": "mitchellh",
        "repo": "zig-overlay",
        "type": "github"
      }
    },
    "zon2nix": {
      "inputs": {
        "flake-utils": [
          "ghostty",
          "flake-utils"
        ],
        "nixpkgs": "nixpkgs_2"
      },
      "locked": {
        "lastModified": 1756000480,
        "narHash": "sha256-fR5pdcjO0II5MNdCzqvyokyuFkmff7/FyBAjUS6sMfA=",
        "owner": "jcollie",
        "repo": "zon2nix",
        "rev": "d9dc9ef1ab9ae45b5c9d80c6a747cc9968ee0c60",
        "type": "github"
      },
      "original": {
        "owner": "jcollie",
        "repo": "zon2nix",
        "rev": "d9dc9ef1ab9ae45b5c9d80c6a747cc9968ee0c60",
        "type": "github"
      }
    }
  },
  "root": "root",
  "version": 7
}
